# This file is autogenerated, do not edit; changes may be undone by the next 'dep ensure'.


[[projects]]
  branch = "master"
  name = "github.com/paypal/gatt"
  packages = [
    ".",
    "linux",
    "linux/cmd",
    "linux/evt",
    "linux/gioctl",
    "linux/socket",
    "linux/util",
    "xpc"
  ]
  revision = "4ae819d591cfc94c496c45deb55928469542beec"

[solve-meta]
  analyzer-name = "dep"
  analyzer-version = 1
  inputs-digest = "6dd1828cd40fec855206e49b717b64b678c2303c41705d8d26c5ed075ea16b62"
  solver-name = "gps-cdcl"
  solver-version = 1
